// !$*UTF8*$!
{
	archiveVersion = 1;
	classes = {
	};
	objectVersion = 50;
	objects = {

/* Begin PBXBuildFile section */
		9BAED96420E3C0BB00BE022C /* AppDelegate.swift in Sources */ = {isa = PBXBuildFile; fileRef = 9BAED96320E3C0BB00BE022C /* AppDelegate.swift */; };
		9BAED96620E3C0BB00BE022C /* ViewController.swift in Sources */ = {isa = PBXBuildFile; fileRef = 9BAED96520E3C0BB00BE022C /* ViewController.swift */; };
		9BAED96920E3C0BB00BE022C /* Main.storyboard in Resources */ = {isa = PBXBuildFile; fileRef = 9BAED96720E3C0BB00BE022C /* Main.storyboard */; };
		9BAED96C20E3C0BB00BE022C /* DreamLister_ex2.xcdatamodeld in Sources */ = {isa = PBXBuildFile; fileRef = 9BAED96A20E3C0BB00BE022C /* DreamLister_ex2.xcdatamodeld */; };
		9BAED96E20E3C0BC00BE022C /* Assets.xcassets in Resources */ = {isa = PBXBuildFile; fileRef = 9BAED96D20E3C0BC00BE022C /* Assets.xcassets */; };
		9BAED97120E3C0BC00BE022C /* LaunchScreen.storyboard in Resources */ = {isa = PBXBuildFile; fileRef = 9BAED96F20E3C0BC00BE022C /* LaunchScreen.storyboard */; };
		9BAED97C20E469C100BE022C /* CustomTextField.swift in Sources */ = {isa = PBXBuildFile; fileRef = 9BAED97B20E469C100BE022C /* CustomTextField.swift */; };
/* End PBXBuildFile section */

/* Begin PBXFileReference section */
		9BAED96020E3C0BB00BE022C /* DreamLister_ex2.app */ = {isa = PBXFileReference; explicitFileType = wrapper.application; includeInIndex = 0; path = DreamLister_ex2.app; sourceTree = BUILT_PRODUCTS_DIR; };
		9BAED96320E3C0BB00BE022C /* AppDelegate.swift */ = {isa = PBXFileReference; lastKnownFileType = sourcecode.swift; path = AppDelegate.swift; sourceTree = "<group>"; };
		9BAED96520E3C0BB00BE022C /* ViewController.swift */ = {isa = PBXFileReference; lastKnownFileType = sourcecode.swift; path = ViewController.swift; sourceTree = "<group>"; };
		9BAED96820E3C0BB00BE022C /* Base */ = {isa = PBXFileReference; lastKnownFileType = file.storyboard; name = Base; path = Base.lproj/Main.storyboard; sourceTree = "<group>"; };
		9BAED96B20E3C0BB00BE022C /* DreamLister_ex2.xcdatamodel */ = {isa = PBXFileReference; lastKnownFileType = wrapper.xcdatamodel; path = DreamLister_ex2.xcdatamodel; sourceTree = "<group>"; };
		9BAED96D20E3C0BC00BE022C /* Assets.xcassets */ = {isa = PBXFileReference; lastKnownFileType = folder.assetcatalog; path = Assets.xcassets; sourceTree = "<group>"; };
		9BAED97020E3C0BC00BE022C /* Base */ = {isa = PBXFileReference; lastKnownFileType = file.storyboard; name = Base; path = Base.lproj/LaunchScreen.storyboard; sourceTree = "<group>"; };
		9BAED97220E3C0BC00BE022C /* Info.plist */ = {isa = PBXFileReference; lastKnownFileType = text.plist.xml; path = Info.plist; sourceTree = "<group>"; };
		9BAED97B20E469C100BE022C /* CustomTextField.swift */ = {isa = PBXFileReference; fileEncoding = 4; lastKnownFileType = sourcecode.swift; path = CustomTextField.swift; sourceTree = "<group>"; };
/* End PBXFileReference section */

/* Begin PBXFrameworksBuildPhase section */
		9BAED95D20E3C0BB00BE022C /* Frameworks */ = {
			isa = PBXFrameworksBuildPhase;
			buildActionMask = 2147483647;
			files = (
			);
			runOnlyForDeploymentPostprocessing = 0;
		};
/* End PBXFrameworksBuildPhase section */

/* Begin PBXGroup section */
		9BAED95720E3C0BA00BE022C = {
			isa = PBXGroup;
			children = (
				9BAED96220E3C0BB00BE022C /* DreamLister_ex2 */,
				9BAED96120E3C0BB00BE022C /* Products */,
			);
			sourceTree = "<group>";
		};
		9BAED96120E3C0BB00BE022C /* Products */ = {
			isa = PBXGroup;
			children = (
				9BAED96020E3C0BB00BE022C /* DreamLister_ex2.app */,
			);
			name = Products;
			sourceTree = "<group>";
		};
		9BAED96220E3C0BB00BE022C /* DreamLister_ex2 */ = {
			isa = PBXGroup;
			children = (
				9BAED97820E469A000BE022C /* Model */,
				9BAED97920E469A600BE022C /* View */,
				9BAED97A20E469AA00BE022C /* Controller */,
				9BAED96320E3C0BB00BE022C /* AppDelegate.swift */,
				9BAED96520E3C0BB00BE022C /* ViewController.swift */,
				9BAED96720E3C0BB00BE022C /* Main.storyboard */,
				9BAED96D20E3C0BC00BE022C /* Assets.xcassets */,
				9BAED96F20E3C0BC00BE022C /* LaunchScreen.storyboard */,
				9BAED97220E3C0BC00BE022C /* Info.plist */,
				9BAED96A20E3C0BB00BE022C /* DreamLister_ex2.xcdatamodeld */,
			);
			path = DreamLister_ex2;
			sourceTree = "<group>";
		};
		9BAED97820E469A000BE022C /* Model */ = {
			isa = PBXGroup;
			children = (
			);
			path = Model;
			sourceTree = "<group>";
		};
		9BAED97920E469A600BE022C /* View */ = {
			isa = PBXGroup;
			children = (
				9BAED97B20E469C100BE022C /* CustomTextField.swift */,
			);
			path = View;
			sourceTree = "<group>";
		};
		9BAED97A20E469AA00BE022C /* Controller */ = {
			isa = PBXGroup;
			children = (
			);
			path = Controller;
			sourceTree = "<group>";
		};
/* End PBXGroup section */

/* Begin PBXNativeTarget section */
		9BAED95F20E3C0BB00BE022C /* DreamLister_ex2 */ = {
			isa = PBXNativeTarget;
			buildConfigurationList = 9BAED97520E3C0BC00BE022C /* Build configuration list for PBXNativeTarget "DreamLister_ex2" */;
			buildPhases = (
				9BAED95C20E3C0BB00BE022C /* Sources */,
				9BAED95D20E3C0BB00BE022C /* Frameworks */,
				9BAED95E20E3C0BB00BE022C /* Resources */,
			);
			buildRules = (
			);
			dependencies = (
			);
			name = DreamLister_ex2;
			productName = DreamLister_ex2;
			productReference = 9BAED96020E3C0BB00BE022C /* DreamLister_ex2.app */;
			productType = "com.apple.product-type.application";
		};
/* End PBXNativeTarget section */

/* Begin PBXProject section */
		9BAED95820E3C0BB00BE022C /* Project object */ = {
			isa = PBXProject;
			attributes = {
				LastSwiftUpdateCheck = 0930;
				LastUpgradeCheck = 0930;
				ORGANIZATIONNAME = vriz;
				TargetAttributes = {
					9BAED95F20E3C0BB00BE022C = {
						CreatedOnToolsVersion = 9.3.1;
					};
				};
			};
			buildConfigurationList = 9BAED95B20E3C0BB00BE022C /* Build configuration list for PBXProject "DreamLister_ex2" */;
			compatibilityVersion = "Xcode 9.3";
			developmentRegion = en;
			hasScannedForEncodings = 0;
			knownRegions = (
				en,
				Base,
			);
			mainGroup = 9BAED95720E3C0BA00BE022C;
			productRefGroup = 9BAED96120E3C0BB00BE022C /* Products */;
			projectDirPath = "";
			projectRoot = "";
			targets = (
				9BAED95F20E3C0BB00BE022C /* DreamLister_ex2 */,
			);
		};
/* End PBXProject section */

/* Begin PBXResourcesBuildPhase section */
		9BAED95E20E3C0BB00BE022C /* Resources */ = {
			isa = PBXResourcesBuildPhase;
			buildActionMask = 2147483647;
			files = (
				9BAED97120E3C0BC00BE022C /* LaunchScreen.storyboard in Resources */,
				9BAED96E20E3C0BC00BE022C /* Assets.xcassets in Resources */,
				9BAED96920E3C0BB00BE022C /* Main.storyboard in Resources */,
			);
			runOnlyForDeploymentPostprocessing = 0;
		};
/* End PBXResourcesBuildPhase section */

/* Begin PBXSourcesBuildPhase section */
		9BAED95C20E3C0BB00BE022C /* Sources */ = {
			isa = PBXSourcesBuildPhase;
			buildActionMask = 2147483647;
			files = (
				9BAED97C20E469C100BE022C /* CustomTextField.swift in Sources */,
				9BAED96C20E3C0BB00BE022C /* DreamLister_ex2.xcdatamodeld in Sources */,
				9BAED96620E3C0BB00BE022C /* ViewController.swift in Sources */,
				9BAED96420E3C0BB00BE022C /* AppDelegate.swift in Sources */,
			);
			runOnlyForDeploymentPostprocessing = 0;
		};
/* End PBXSourcesBuildPhase section */

/* Begin PBXVariantGroup section */
		9BAED96720E3C0BB00BE022C /* Main.storyboard */ = {
			isa = PBXVariantGroup;
			children = (
				9BAED96820E3C0BB00BE022C /* Base */,
			);
			name = Main.storyboard;
			sourceTree = "<group>";
		};
		9BAED96F20E3C0BC00BE022C /* LaunchScreen.storyboard */ = {
			isa = PBXVariantGroup;
			children = (
				9BAED97020E3C0BC00BE022C /* Base */,
			);
			name = LaunchScreen.storyboard;
			sourceTree = "<group>";
		};
/* End PBXVariantGroup section */

/* Begin XCBuildConfiguration section */
		9BAED97320E3C0BC00BE022C /* Debug */ = {
			isa = XCBuildConfiguration;
			buildSettings = {
				ALWAYS_SEARCH_USER_PATHS = NO;
				CLANG_ANALYZER_NONNULL = YES;
				CLANG_ANALYZER_NUMBER_OBJECT_CONVERSION = YES_AGGRESSIVE;
				CLANG_CXX_LANGUAGE_STANDARD = "gnu++14";
				CLANG_CXX_LIBRARY = "libc++";
				CLANG_ENABLE_MODULES = YES;
				CLANG_ENABLE_OBJC_ARC = YES;
				CLANG_ENABLE_OBJC_WEAK = YES;
				CLANG_WARN_BLOCK_CAPTURE_AUTORELEASING = YES;
				CLANG_WARN_BOOL_CONVERSION = YES;
				CLANG_WARN_COMMA = YES;
				CLANG_WARN_CONSTANT_CONVERSION = YES;
				CLANG_WARN_DEPRECATED_OBJC_IMPLEMENTATIONS = YES;
				CLANG_WARN_DIRECT_OBJC_ISA_USAGE = YES_ERROR;
				CLANG_WARN_DOCUMENTATION_COMMENTS = YES;
				CLANG_WARN_EMPTY_BODY = YES;
				CLANG_WARN_ENUM_CONVERSION = YES;
				CLANG_WARN_INFINITE_RECURSION = YES;
				CLANG_WARN_INT_CONVERSION = YES;
				CLANG_WARN_NON_LITERAL_NULL_CONVERSION = YES;
				CLANG_WARN_OBJC_IMPLICIT_RETAIN_SELF = YES;
				CLANG_WARN_OBJC_LITERAL_CONVERSION = YES;
				CLANG_WARN_OBJC_ROOT_CLASS = YES_ERROR;
				CLANG_WARN_RANGE_LOOP_ANALYSIS = YES;
				CLANG_WARN_STRICT_PROTOTYPES = YES;
				CLANG_WARN_SUSPICIOUS_MOVE = YES;
				CLANG_WARN_UNGUARDED_AVAILABILITY = YES_AGGRESSIVE;
				CLANG_WARN_UNREACHABLE_CODE = YES;
				CLANG_WARN__DUPLICATE_METHOD_MATCH = YES;
				CODE_SIGN_IDENTITY = "iPhone Developer";
				COPY_PHASE_STRIP = NO;
				DEBUG_INFORMATION_FORMAT = dwarf;
				ENABLE_STRICT_OBJC_MSGSEND = YES;
				ENABLE_TESTABILITY = YES;
				GCC_C_LANGUAGE_STANDARD = gnu11;
				GCC_DYNAMIC_NO_PIC = NO;
				GCC_NO_COMMON_BLOCKS = YES;
				GCC_OPTIMIZATION_LEVEL = 0;
				GCC_PREPROCESSOR_DEFINITIONS = (
					"DEBUG=1",
					"$(inherited)",
				);
				GCC_WARN_64_TO_32_BIT_CONVERSION = YES;
				GCC_WARN_ABOUT_RETURN_TYPE = YES_ERROR;
				GCC_WARN_UNDECLARED_SELECTOR = YES;
				GCC_WARN_UNINITIALIZED_AUTOS = YES_AGGRESSIVE;
				GCC_WARN_UNUSED_FUNCTION = YES;
				GCC_WARN_UNUSED_VARIABLE = YES;
				IPHONEOS_DEPLOYMENT_TARGET = 11.3;
				MTL_ENABLE_DEBUG_INFO = YES;
				ONLY_ACTIVE_ARCH = YES;
				SDKROOT = iphoneos;
				SWIFT_ACTIVE_COMPILATION_CONDITIONS = DEBUG;
				SWIFT_OPTIMIZATION_LEVEL = "-Onone";
			};
			name = Debug;
		};
		9BAED97420E3C0BC00BE022C /* Release */ = {
			isa = XCBuildConfiguration;
			buildSettings = {
				ALWAYS_SEARCH_USER_PATHS = NO;
				CLANG_ANALYZER_NONNULL = YES;
				CLANG_ANALYZER_NUMBER_OBJECT_CONVERSION = YES_AGGRESSIVE;
				CLANG_CXX_LANGUAGE_STANDARD = "gnu++14";
				CLANG_CXX_LIBRARY = "libc++";
				CLANG_ENABLE_MODULES = YES;
				CLANG_ENABLE_OBJC_ARC = YES;
				CLANG_ENABLE_OBJC_WEAK = YES;
				CLANG_WARN_BLOCK_CAPTURE_AUTORELEASING = YES;
				CLANG_WARN_BOOL_CONVERSION = YES;
				CLANG_WARN_COMMA = YES;
				CLANG_WARN_CONSTANT_CONVERSION = YES;
				CLANG_WARN_DEPRECATED_OBJC_IMPLEMENTATIONS = YES;
				CLANG_WARN_DIRECT_OBJC_ISA_USAGE = YES_ERROR;
				CLANG_WARN_DOCUMENTATION_COMMENTS = YES;
				CLANG_WARN_EMPTY_BODY = YES;
				CLANG_WARN_ENUM_CONVERSION = YES;
				CLANG_WARN_INFINITE_RECURSION = YES;
				CLANG_WARN_INT_CONVERSION = YES;
				CLANG_WARN_NON_LITERAL_NULL_CONVERSION = YES;
				CLANG_WARN_OBJC_IMPLICIT_RETAIN_SELF = YES;
				CLANG_WARN_OBJC_LITERAL_CONVERSION = YES;
				CLANG_WARN_OBJC_ROOT_CLASS = YES_ERROR;
				CLANG_WARN_RANGE_LOOP_ANALYSIS = YES;
				CLANG_WARN_STRICT_PROTOTYPES = YES;
				CLANG_WARN_SUSPICIOUS_MOVE = YES;
				CLANG_WARN_UNGUARDED_AVAILABILITY = YES_AGGRESSIVE;
				CLANG_WARN_UNREACHABLE_CODE = YES;
				CLANG_WARN__DUPLICATE_METHOD_MATCH = YES;
				CODE_SIGN_IDENTITY = "iPhone Developer";
				COPY_PHASE_STRIP = NO;
				DEBUG_INFORMATION_FORMAT = "dwarf-with-dsym";
				ENABLE_NS_ASSERTIONS = NO;
				ENABLE_STRICT_OBJC_MSGSEND = YES;
				GCC_C_LANGUAGE_STANDARD = gnu11;
				GCC_NO_COMMON_BLOCKS = YES;
				GCC_WARN_64_TO_32_BIT_CONVERSION = YES;
				GCC_WARN_ABOUT_RETURN_TYPE = YES_ERROR;
				GCC_WARN_UNDECLARED_SELECTOR = YES;
				GCC_WARN_UNINITIALIZED_AUTOS = YES_AGGRESSIVE;
				GCC_WARN_UNUSED_FUNCTION = YES;
				GCC_WARN_UNUSED_VARIABLE = YES;
				IPHONEOS_DEPLOYMENT_TARGET = 11.3;
				MTL_ENABLE_DEBUG_INFO = NO;
				SDKROOT = iphoneos;
				SWIFT_COMPILATION_MODE = wholemodule;
				SWIFT_OPTIMIZATION_LEVEL = "-O";
				VALIDATE_PRODUCT = YES;
			};
			name = Release;
		};
		9BAED97620E3C0BC00BE022C /* Debug */ = {
			isa = XCBuildConfiguration;
			buildSettings = {
				ASSETCATALOG_COMPILER_APPICON_NAME = AppIcon;
				CODE_SIGN_STYLE = Automatic;
				DEVELOPMENT_TEAM = RXYZA5L84X;
				INFOPLIST_FILE = DreamLister_ex2/Info.plist;
				LD_RUNPATH_SEARCH_PATHS = (
					"$(inherited)",
					"@executable_path/Frameworks",
				);
				PRODUCT_BUNDLE_IDENTIFIER = "net.vriz.DreamLister-ex2";
				PRODUCT_NAME = "$(TARGET_NAME)";
				SWIFT_VERSION = 4.0;
				TARGETED_DEVICE_FAMILY = "1,2";
			};
			name = Debug;
		};
		9BAED97720E3C0BC00BE022C /* Release */ = {
			isa = XCBuildConfiguration;
			buildSettings = {
				ASSETCATALOG_COMPILER_APPICON_NAME = AppIcon;
				CODE_SIGN_STYLE = Automatic;
				DEVELOPMENT_TEAM = RXYZA5L84X;
				INFOPLIST_FILE = DreamLister_ex2/Info.plist;
				LD_RUNPATH_SEARCH_PATHS = (
					"$(inherited)",
					"@executable_path/Frameworks",
				);
				PRODUCT_BUNDLE_IDENTIFIER = "net.vriz.DreamLister-ex2";
				PRODUCT_NAME = "$(TARGET_NAME)";
				SWIFT_VERSION = 4.0;
				TARGETED_DEVICE_FAMILY = "1,2";
			};
			name = Release;
		};
/* End XCBuildConfiguration section */

/* Begin XCConfigurationList section */
		9BAED95B20E3C0BB00BE022C /* Build configuration list for PBXProject "DreamLister_ex2" */ = {
			isa = XCConfigurationList;
			buildConfigurations = (
				9BAED97320E3C0BC00BE022C /* Debug */,
				9BAED97420E3C0BC00BE022C /* Release */,
			);
			defaultConfigurationIsVisible = 0;
			defaultConfigurationName = Release;
		};
		9BAED97520E3C0BC00BE022C /* Build configuration list for PBXNativeTarget "DreamLister_ex2" */ = {
			isa = XCConfigurationList;
			buildConfigurations = (
				9BAED97620E3C0BC00BE022C /* Debug */,
				9BAED97720E3C0BC00BE022C /* Release */,
			);
			defaultConfigurationIsVisible = 0;
			defaultConfigurationName = Release;
		};
/* End XCConfigurationList section */

/* Begin XCVersionGroup section */
		9BAED96A20E3C0BB00BE022C /* DreamLister_ex2.xcdatamodeld */ = {
			isa = XCVersionGroup;
			children = (
				9BAED96B20E3C0BB00BE022C /* DreamLister_ex2.xcdatamodel */,
			);
			currentVersion = 9BAED96B20E3C0BB00BE022C /* DreamLister_ex2.xcdatamodel */;
			path = DreamLister_ex2.xcdatamodeld;
			sourceTree = "<group>";
			versionGroupType = wrapper.xcdatamodel;
		};
/* End XCVersionGroup section */
	};
	rootObject = 9BAED95820E3C0BB00BE022C /* Project object */;
}
